
Microsoft Visual Studio Solution File, Format Version 12.00
# Visual Studio 15
VisualStudioVersion = 15.0.26228.4
MinimumVisualStudioVersion = 10.0.40219.1
Project("{FAE04EC0-301F-11D3-BF4B-00C04F79EFBC}") = "finview", "finview\finview.csproj", "{849E885E-14F8-4527-88D4-B35DC0C4FF7D}"
EndProject
Project("{FAE04EC0-301F-11D3-BF4B-00C04F79EFBC}") = "finview.Business", "finview.Business\finview.Business.csproj", "{22B8FDF4-0363-4722-9776-8EA3382E21E1}"
EndProject
Project("{FAE04EC0-301F-11D3-BF4B-00C04F79EFBC}") = "finview.DataAccess", "finview.DataAccess\finview.DataAccess.csproj", "{24DFB382-D2AE-403A-8D3C-5C17BC9B4958}"
EndProject
Project("{FAE04EC0-301F-11D3-BF4B-00C04F79EFBC}") = "finview.Entities", "finview.Entities\finview.Entities.csproj", "{77EC573C-FF76-4D89-98CB-3A724520995F}"
EndProject
Project("{FAE04EC0-301F-11D3-BF4B-00C04F79EFBC}") = "finview.Business.Contracts", "finview.Business.Contracts\finview.Business.Contracts.csproj", "{E6DBD460-ED61-4FA6-A931-CCD1656AE025}"
EndProject
Project("{FAE04EC0-301F-11D3-BF4B-00C04F79EFBC}") = "finview.DataAccess.Contracts", "finview.DataAccess.Contracts\finview.DataAccess.Contracts.csproj", "{C4A756CA-AF94-4F48-82CE-979603B36D52}"
EndProject
Project("{2150E333-8FDC-42A3-9474-1A3956D46DE8}") = "Test", "Test", "{EC8DE1FB-8769-4384-A1BC-D2F32DF60B39}"
EndProject
Project("{FAE04EC0-301F-11D3-BF4B-00C04F79EFBC}") = "finview.DataAccess.Tests", "finview.DataAccess.Tests\finview.DataAccess.Tests.csproj", "{AAC2E943-9BF3-4C03-B2C8-CD666C519290}"
EndProject
Global
	GlobalSection(SolutionConfigurationPlatforms) = preSolution
		Debug|Any CPU = Debug|Any CPU
		Release|Any CPU = Release|Any CPU
	EndGlobalSection
	GlobalSection(ProjectConfigurationPlatforms) = postSolution
		{849E885E-14F8-4527-88D4-B35DC0C4FF7D}.Debug|Any CPU.ActiveCfg = Debug|Any CPU
		{849E885E-14F8-4527-88D4-B35DC0C4FF7D}.Debug|Any CPU.Build.0 = Debug|Any CPU
		{849E885E-14F8-4527-88D4-B35DC0C4FF7D}.Release|Any CPU.ActiveCfg = Release|Any CPU
		{849E885E-14F8-4527-88D4-B35DC0C4FF7D}.Release|Any CPU.Build.0 = Release|Any CPU
		{22B8FDF4-0363-4722-9776-8EA3382E21E1}.Debug|Any CPU.ActiveCfg = Debug|Any CPU
		{22B8FDF4-0363-4722-9776-8EA3382E21E1}.Debug|Any CPU.Build.0 = Debug|Any CPU
		{22B8FDF4-0363-4722-9776-8EA3382E21E1}.Release|Any CPU.ActiveCfg = Release|Any CPU
		{22B8FDF4-0363-4722-9776-8EA3382E21E1}.Release|Any CPU.Build.0 = Release|Any CPU
		{24DFB382-D2AE-403A-8D3C-5C17BC9B4958}.Debug|Any CPU.ActiveCfg = Debug|Any CPU
		{24DFB382-D2AE-403A-8D3C-5C17BC9B4958}.Debug|Any CPU.Build.0 = Debug|Any CPU
		{24DFB382-D2AE-403A-8D3C-5C17BC9B4958}.Release|Any CPU.ActiveCfg = Release|Any CPU
		{24DFB382-D2AE-403A-8D3C-5C17BC9B4958}.Release|Any CPU.Build.0 = Release|Any CPU
		{77EC573C-FF76-4D89-98CB-3A724520995F}.Debug|Any CPU.ActiveCfg = Debug|Any CPU
		{77EC573C-FF76-4D89-98CB-3A724520995F}.Debug|Any CPU.Build.0 = Debug|Any CPU
		{77EC573C-FF76-4D89-98CB-3A724520995F}.Release|Any CPU.ActiveCfg = Release|Any CPU
		{77EC573C-FF76-4D89-98CB-3A724520995F}.Release|Any CPU.Build.0 = Release|Any CPU
		{E6DBD460-ED61-4FA6-A931-CCD1656AE025}.Debug|Any CPU.ActiveCfg = Debug|Any CPU
		{E6DBD460-ED61-4FA6-A931-CCD1656AE025}.Debug|Any CPU.Build.0 = Debug|Any CPU
		{E6DBD460-ED61-4FA6-A931-CCD1656AE025}.Release|Any CPU.ActiveCfg = Release|Any CPU
		{E6DBD460-ED61-4FA6-A931-CCD1656AE025}.Release|Any CPU.Build.0 = Release|Any CPU
		{C4A756CA-AF94-4F48-82CE-979603B36D52}.Debug|Any CPU.ActiveCfg = Debug|Any CPU
		{C4A756CA-AF94-4F48-82CE-979603B36D52}.Debug|Any CPU.Build.0 = Debug|Any CPU
		{C4A756CA-AF94-4F48-82CE-979603B36D52}.Release|Any CPU.ActiveCfg = Release|Any CPU
		{C4A756CA-AF94-4F48-82CE-979603B36D52}.Release|Any CPU.Build.0 = Release|Any CPU
		{AAC2E943-9BF3-4C03-B2C8-CD666C519290}.Debug|Any CPU.ActiveCfg = Debug|Any CPU
		{AAC2E943-9BF3-4C03-B2C8-CD666C519290}.Debug|Any CPU.Build.0 = Debug|Any CPU
		{AAC2E943-9BF3-4C03-B2C8-CD666C519290}.Release|Any CPU.ActiveCfg = Release|Any CPU
		{AAC2E943-9BF3-4C03-B2C8-CD666C519290}.Release|Any CPU.Build.0 = Release|Any CPU
	EndGlobalSection
	GlobalSection(SolutionProperties) = preSolution
		HideSolutionNode = FALSE
	EndGlobalSection
	GlobalSection(NestedProjects) = preSolution
		{AAC2E943-9BF3-4C03-B2C8-CD666C519290} = {EC8DE1FB-8769-4384-A1BC-D2F32DF60B39}
	EndGlobalSection
EndGlobal
